
Microsoft Visual Studio Solution File, Format Version 12.00
# Visual Studio Version 17
VisualStudioVersion = 17.5.002.0
MinimumVisualStudioVersion = 10.0.40219.1
Project("{2150E333-8FDC-42A3-9474-1A3956D46DE8}") = "src", "src", "{F37BEE08-0C11-4B3C-B568-EFCFD6A49594}"
EndProject
Project("{9A19103F-16F7-4668-BE54-9A1E7A4F7556}") = "Mkeeper.Db", "src\Mkeeper.Db\Mkeeper.Db.csproj", "{6F63D12F-38BD-4465-B560-D486CF95B426}"
EndProject
Project("{9A19103F-16F7-4668-BE54-9A1E7A4F7556}") = "Mkeeper.Api", "src\Mkeeper.Api\Mkeeper.Api.csproj", "{EA56A94C-0D30-4275-8903-581A817A685F}"
EndProject
Project("{9A19103F-16F7-4668-BE54-9A1E7A4F7556}") = "Mkeeper.Core", "src\Mkeeper.Core\Mkeeper.Core.csproj", "{134F6AEF-8A47-4F36-81F6-185A58C31920}"
EndProject
Project("{9A19103F-16F7-4668-BE54-9A1E7A4F7556}") = "Mkeeper.Dto", "src\Mkeeper.Dto\Mkeeper.Dto.csproj", "{83E75E89-2692-43FB-8847-684570422FC0}"
EndProject
Global
	GlobalSection(SolutionConfigurationPlatforms) = preSolution
		Debug|Any CPU = Debug|Any CPU
		Release|Any CPU = Release|Any CPU
	EndGlobalSection
	GlobalSection(ProjectConfigurationPlatforms) = postSolution
		{6F63D12F-38BD-4465-B560-D486CF95B426}.Debug|Any CPU.ActiveCfg = Debug|Any CPU
		{6F63D12F-38BD-4465-B560-D486CF95B426}.Debug|Any CPU.Build.0 = Debug|Any CPU
		{6F63D12F-38BD-4465-B560-D486CF95B426}.Release|Any CPU.ActiveCfg = Release|Any CPU
		{6F63D12F-38BD-4465-B560-D486CF95B426}.Release|Any CPU.Build.0 = Release|Any CPU
		{EA56A94C-0D30-4275-8903-581A817A685F}.Debug|Any CPU.ActiveCfg = Debug|Any CPU
		{EA56A94C-0D30-4275-8903-581A817A685F}.Debug|Any CPU.Build.0 = Debug|Any CPU
		{EA56A94C-0D30-4275-8903-581A817A685F}.Release|Any CPU.ActiveCfg = Release|Any CPU
		{EA56A94C-0D30-4275-8903-581A817A685F}.Release|Any CPU.Build.0 = Release|Any CPU
		{134F6AEF-8A47-4F36-81F6-185A58C31920}.Debug|Any CPU.ActiveCfg = Debug|Any CPU
		{134F6AEF-8A47-4F36-81F6-185A58C31920}.Debug|Any CPU.Build.0 = Debug|Any CPU
		{134F6AEF-8A47-4F36-81F6-185A58C31920}.Release|Any CPU.ActiveCfg = Release|Any CPU
		{134F6AEF-8A47-4F36-81F6-185A58C31920}.Release|Any CPU.Build.0 = Release|Any CPU
		{83E75E89-2692-43FB-8847-684570422FC0}.Debug|Any CPU.ActiveCfg = Debug|Any CPU
		{83E75E89-2692-43FB-8847-684570422FC0}.Debug|Any CPU.Build.0 = Debug|Any CPU
		{83E75E89-2692-43FB-8847-684570422FC0}.Release|Any CPU.ActiveCfg = Release|Any CPU
		{83E75E89-2692-43FB-8847-684570422FC0}.Release|Any CPU.Build.0 = Release|Any CPU
	EndGlobalSection
	GlobalSection(SolutionProperties) = preSolution
		HideSolutionNode = FALSE
	EndGlobalSection
	GlobalSection(NestedProjects) = preSolution
		{6F63D12F-38BD-4465-B560-D486CF95B426} = {F37BEE08-0C11-4B3C-B568-EFCFD6A49594}
		{EA56A94C-0D30-4275-8903-581A817A685F} = {F37BEE08-0C11-4B3C-B568-EFCFD6A49594}
		{134F6AEF-8A47-4F36-81F6-185A58C31920} = {F37BEE08-0C11-4B3C-B568-EFCFD6A49594}
		{83E75E89-2692-43FB-8847-684570422FC0} = {F37BEE08-0C11-4B3C-B568-EFCFD6A49594}
	EndGlobalSection
	GlobalSection(ExtensibilityGlobals) = postSolution
		SolutionGuid = {4497DA1F-B441-4FD7-B4AE-806F8F408242}
	EndGlobalSection
EndGlobal
